
Microsoft Visual Studio Solution File, Format Version 12.00
# Visual Studio Version 16
VisualStudioVersion = 16.0.28803.452
MinimumVisualStudioVersion = 10.0.40219.1
Project("{FAE04EC0-301F-11D3-BF4B-00C04F79EFBC}") = "ListBox", "ListBox\ListBox.csproj", "{EDD4726F-7C4B-4C30-B6E7-AF71C616BE6F}"
EndProject
Global
	GlobalSection(SolutionConfigurationPlatforms) = preSolution
		Debug|Any CPU = Debug|Any CPU
		Release|Any CPU = Release|Any CPU
	EndGlobalSection
	GlobalSection(ProjectConfigurationPlatforms) = postSolution
		{EDD4726F-7C4B-4C30-B6E7-AF71C616BE6F}.Debug|Any CPU.ActiveCfg = Debug|Any CPU
		{EDD4726F-7C4B-4C30-B6E7-AF71C616BE6F}.Debug|Any CPU.Build.0 = Debug|Any CPU
		{EDD4726F-7C4B-4C30-B6E7-AF71C616BE6F}.Release|Any CPU.ActiveCfg = Release|Any CPU
		{EDD4726F-7C4B-4C30-B6E7-AF71C616BE6F}.Release|Any CPU.Build.0 = Release|Any CPU
	EndGlobalSection
	GlobalSection(SolutionProperties) = preSolution
		HideSolutionNode = FALSE
	EndGlobalSection
	GlobalSection(ExtensibilityGlobals) = postSolution
		SolutionGuid = {E9FC2514-BE19-41DC-A61E-1B849A85E32D}
	EndGlobalSection
EndGlobal
